{
  "name": "@keithclark/rollup-plugin-appkit",
  "version": "1.0.0",
  "lockfileVersion": 3,
  "requires": true,
  "packages": {
    "": {
      "name": "@keithclark/rollup-plugin-appkit",
      "version": "1.0.0",
      "license": "MIT",
      "dependencies": {
        "@keithclark/tiny-parsers": "../../modules/tiny-parsers/"
      }
    },
    "../../modules/tiny-parsers": {
      "name": "@keithclark/tiny-parsers",
      "version": "1.0.0",
      "license": "ISC",
      "devDependencies": {
        "@rollup/plugin-terser": "^0.4.4"
      }
    },
    "node_modules/@keithclark/tiny-parsers": {
      "resolved": "../../modules/tiny-parsers",
      "link": true
    }
  }
}
